# THIS IS AN AUTOGENERATED FILE. DO NOT EDIT THIS FILE DIRECTLY.
# yarn lockfile v1


react-google-charts@^3.0.10:
  version "3.0.10"
  resolved "https://registry.yarnpkg.com/react-google-charts/-/react-google-charts-3.0.10.tgz#295217895c456b98b2f291322af3e77303cd245e"
  integrity sha512-4ECk/Fua1G3tOQuDdMaKrA8QFO/meRihDjNeniPQD2ApwHBJQg6S2cWdovGMcnq6LxEG5Ol3gm7xNE8WXm+r2w==
  dependencies:
    react-load-script "^0.0.6"

react-load-script@^0.0.6:
  version "0.0.6"
  resolved "https://registry.yarnpkg.com/react-load-script/-/react-load-script-0.0.6.tgz#db6851236aaa25bb622677a2eb51dad4f8d2c258"
  integrity sha512-aRGxDGP9VoLxcsaYvKWIW+LRrMOzz2eEcubTS4NvQPPugjk2VvMhow0wWTkSl7RxookomD1MwcP4l5UStg5ShQ==
